// !$*UTF8*$!
{
	archiveVersion = 1;
	classes = {
	};
	objectVersion = 56;
	objects = {

/* Begin PBXBuildFile section */
		7F5542302BFD4A5E00FEA7B4 /* TimerApp.swift in Sources */ = {isa = PBXBuildFile; fileRef = 7F55422F2BFD4A5E00FEA7B4 /* TimerApp.swift */; };
		7F5542322BFD4A5E00FEA7B4 /* ContentView.swift in Sources */ = {isa = PBXBuildFile; fileRef = 7F5542312BFD4A5E00FEA7B4 /* ContentView.swift */; };
		7F5542342BFD4A6000FEA7B4 /* Assets.xcassets in Resources */ = {isa = PBXBuildFile; fileRef = 7F5542332BFD4A6000FEA7B4 /* Assets.xcassets */; };
		7F5542372BFD4A6000FEA7B4 /* Preview Assets.xcassets in Resources */ = {isa = PBXBuildFile; fileRef = 7F5542362BFD4A6000FEA7B4 /* Preview Assets.xcassets */; };
		7F5542412BFD4A6000FEA7B4 /* TimerTests.swift in Sources */ = {isa = PBXBuildFile; fileRef = 7F5542402BFD4A6000FEA7B4 /* TimerTests.swift */; };
		7F55424B2BFD4A6000FEA7B4 /* TimerUITests.swift in Sources */ = {isa = PBXBuildFile; fileRef = 7F55424A2BFD4A6000FEA7B4 /* TimerUITests.swift */; };
		7F55424D2BFD4A6000FEA7B4 /* TimerUITestsLaunchTests.swift in Sources */ = {isa = PBXBuildFile; fileRef = 7F55424C2BFD4A6000FEA7B4 /* TimerUITestsLaunchTests.swift */; };
		7F55425A2BFD4AB400FEA7B4 /* Helper.swift in Sources */ = {isa = PBXBuildFile; fileRef = 7F5542592BFD4AB400FEA7B4 /* Helper.swift */; };
		7F55425C2BFD502700FEA7B4 /* TimerManager.swift in Sources */ = {isa = PBXBuildFile; fileRef = 7F55425B2BFD502700FEA7B4 /* TimerManager.swift */; };
/* End PBXBuildFile section */

/* Begin PBXContainerItemProxy section */
		7F55423D2BFD4A6000FEA7B4 /* PBXContainerItemProxy */ = {
			isa = PBXContainerItemProxy;
			containerPortal = 7F5542242BFD4A5E00FEA7B4 /* Project object */;
			proxyType = 1;
			remoteGlobalIDString = 7F55422B2BFD4A5E00FEA7B4;
			remoteInfo = Timer;
		};
		7F5542472BFD4A6000FEA7B4 /* PBXContainerItemProxy */ = {
			isa = PBXContainerItemProxy;
			containerPortal = 7F5542242BFD4A5E00FEA7B4 /* Project object */;
			proxyType = 1;
			remoteGlobalIDString = 7F55422B2BFD4A5E00FEA7B4;
			remoteInfo = Timer;
		};
/* End PBXContainerItemProxy section */

/* Begin PBXFileReference section */
		7F55422C2BFD4A5E00FEA7B4 /* Timer.app */ = {isa = PBXFileReference; explicitFileType = wrapper.application; includeInIndex = 0; path = Timer.app; sourceTree = BUILT_PRODUCTS_DIR; };
		7F55422F2BFD4A5E00FEA7B4 /* TimerApp.swift */ = {isa = PBXFileReference; lastKnownFileType = sourcecode.swift; path = TimerApp.swift; sourceTree = "<group>"; };
		7F5542312BFD4A5E00FEA7B4 /* ContentView.swift */ = {isa = PBXFileReference; lastKnownFileType = sourcecode.swift; path = ContentView.swift; sourceTree = "<group>"; };
		7F5542332BFD4A6000FEA7B4 /* Assets.xcassets */ = {isa = PBXFileReference; lastKnownFileType = folder.assetcatalog; path = Assets.xcassets; sourceTree = "<group>"; };
		7F5542362BFD4A6000FEA7B4 /* Preview Assets.xcassets */ = {isa = PBXFileReference; lastKnownFileType = folder.assetcatalog; path = "Preview Assets.xcassets"; sourceTree = "<group>"; };
		7F55423C2BFD4A6000FEA7B4 /* TimerTests.xctest */ = {isa = PBXFileReference; explicitFileType = wrapper.cfbundle; includeInIndex = 0; path = TimerTests.xctest; sourceTree = BUILT_PRODUCTS_DIR; };
		7F5542402BFD4A6000FEA7B4 /* TimerTests.swift */ = {isa = PBXFileReference; lastKnownFileType = sourcecode.swift; path = TimerTests.swift; sourceTree = "<group>"; };
		7F5542462BFD4A6000FEA7B4 /* TimerUITests.xctest */ = {isa = PBXFileReference; explicitFileType = wrapper.cfbundle; includeInIndex = 0; path = TimerUITests.xctest; sourceTree = BUILT_PRODUCTS_DIR; };
		7F55424A2BFD4A6000FEA7B4 /* TimerUITests.swift */ = {isa = PBXFileReference; lastKnownFileType = sourcecode.swift; path = TimerUITests.swift; sourceTree = "<group>"; };
		7F55424C2BFD4A6000FEA7B4 /* TimerUITestsLaunchTests.swift */ = {isa = PBXFileReference; lastKnownFileType = sourcecode.swift; path = TimerUITestsLaunchTests.swift; sourceTree = "<group>"; };
		7F5542592BFD4AB400FEA7B4 /* Helper.swift */ = {isa = PBXFileReference; lastKnownFileType = sourcecode.swift; path = Helper.swift; sourceTree = "<group>"; };
		7F55425B2BFD502700FEA7B4 /* TimerManager.swift */ = {isa = PBXFileReference; lastKnownFileType = sourcecode.swift; path = TimerManager.swift; sourceTree = "<group>"; };
/* End PBXFileReference section */

/* Begin PBXFrameworksBuildPhase section */
		7F5542292BFD4A5E00FEA7B4 /* Frameworks */ = {
			isa = PBXFrameworksBuildPhase;
			buildActionMask = 2147483647;
			files = (
			);
			runOnlyForDeploymentPostprocessing = 0;
		};
		7F5542392BFD4A6000FEA7B4 /* Frameworks */ = {
			isa = PBXFrameworksBuildPhase;
			buildActionMask = 2147483647;
			files = (
			);
			runOnlyForDeploymentPostprocessing = 0;
		};
		7F5542432BFD4A6000FEA7B4 /* Frameworks */ = {
			isa = PBXFrameworksBuildPhase;
			buildActionMask = 2147483647;
			files = (
			);
			runOnlyForDeploymentPostprocessing = 0;
		};
/* End PBXFrameworksBuildPhase section */

/* Begin PBXGroup section */
		7F5542232BFD4A5E00FEA7B4 = {
			isa = PBXGroup;
			children = (
				7F55422E2BFD4A5E00FEA7B4 /* Timer */,
				7F55423F2BFD4A6000FEA7B4 /* TimerTests */,
				7F5542492BFD4A6000FEA7B4 /* TimerUITests */,
				7F55422D2BFD4A5E00FEA7B4 /* Products */,
			);
			sourceTree = "<group>";
		};
		7F55422D2BFD4A5E00FEA7B4 /* Products */ = {
			isa = PBXGroup;
			children = (
				7F55422C2BFD4A5E00FEA7B4 /* Timer.app */,
				7F55423C2BFD4A6000FEA7B4 /* TimerTests.xctest */,
				7F5542462BFD4A6000FEA7B4 /* TimerUITests.xctest */,
			);
			name = Products;
			sourceTree = "<group>";
		};
		7F55422E2BFD4A5E00FEA7B4 /* Timer */ = {
			isa = PBXGroup;
			children = (
				7F55422F2BFD4A5E00FEA7B4 /* TimerApp.swift */,
				7F5542312BFD4A5E00FEA7B4 /* ContentView.swift */,
				7F55425B2BFD502700FEA7B4 /* TimerManager.swift */,
				7F5542592BFD4AB400FEA7B4 /* Helper.swift */,
				7F5542332BFD4A6000FEA7B4 /* Assets.xcassets */,
				7F5542352BFD4A6000FEA7B4 /* Preview Content */,
			);
			path = Timer;
			sourceTree = "<group>";
		};
		7F5542352BFD4A6000FEA7B4 /* Preview Content */ = {
			isa = PBXGroup;
			children = (
				7F5542362BFD4A6000FEA7B4 /* Preview Assets.xcassets */,
			);
			path = "Preview Content";
			sourceTree = "<group>";
		};
		7F55423F2BFD4A6000FEA7B4 /* TimerTests */ = {
			isa = PBXGroup;
			children = (
				7F5542402BFD4A6000FEA7B4 /* TimerTests.swift */,
			);
			path = TimerTests;
			sourceTree = "<group>";
		};
		7F5542492BFD4A6000FEA7B4 /* TimerUITests */ = {
			isa = PBXGroup;
			children = (
				7F55424A2BFD4A6000FEA7B4 /* TimerUITests.swift */,
				7F55424C2BFD4A6000FEA7B4 /* TimerUITestsLaunchTests.swift */,
			);
			path = TimerUITests;
			sourceTree = "<group>";
		};
/* End PBXGroup section */

/* Begin PBXNativeTarget section */
		7F55422B2BFD4A5E00FEA7B4 /* Timer */ = {
			isa = PBXNativeTarget;
			buildConfigurationList = 7F5542502BFD4A6000FEA7B4 /* Build configuration list for PBXNativeTarget "Timer" */;
			buildPhases = (
				7F5542282BFD4A5E00FEA7B4 /* Sources */,
				7F5542292BFD4A5E00FEA7B4 /* Frameworks */,
				7F55422A2BFD4A5E00FEA7B4 /* Resources */,
			);
			buildRules = (
			);
			dependencies = (
			);
			name = Timer;
			productName = Timer;
			productReference = 7F55422C2BFD4A5E00FEA7B4 /* Timer.app */;
			productType = "com.apple.product-type.application";
		};
		7F55423B2BFD4A6000FEA7B4 /* TimerTests */ = {
			isa = PBXNativeTarget;
			buildConfigurationList = 7F5542532BFD4A6000FEA7B4 /* Build configuration list for PBXNativeTarget "TimerTests" */;
			buildPhases = (
				7F5542382BFD4A6000FEA7B4 /* Sources */,
				7F5542392BFD4A6000FEA7B4 /* Frameworks */,
				7F55423A2BFD4A6000FEA7B4 /* Resources */,
			);
			buildRules = (
			);
			dependencies = (
				7F55423E2BFD4A6000FEA7B4 /* PBXTargetDependency */,
			);
			name = TimerTests;
			productName = TimerTests;
			productReference = 7F55423C2BFD4A6000FEA7B4 /* TimerTests.xctest */;
			productType = "com.apple.product-type.bundle.unit-test";
		};
		7F5542452BFD4A6000FEA7B4 /* TimerUITests */ = {
			isa = PBXNativeTarget;
			buildConfigurationList = 7F5542562BFD4A6000FEA7B4 /* Build configuration list for PBXNativeTarget "TimerUITests" */;
			buildPhases = (
				7F5542422BFD4A6000FEA7B4 /* Sources */,
				7F5542432BFD4A6000FEA7B4 /* Frameworks */,
				7F5542442BFD4A6000FEA7B4 /* Resources */,
			);
			buildRules = (
			);
			dependencies = (
				7F5542482BFD4A6000FEA7B4 /* PBXTargetDependency */,
			);
			name = TimerUITests;
			productName = TimerUITests;
			productReference = 7F5542462BFD4A6000FEA7B4 /* TimerUITests.xctest */;
			productType = "com.apple.product-type.bundle.ui-testing";
		};
/* End PBXNativeTarget section */

/* Begin PBXProject section */
		7F5542242BFD4A5E00FEA7B4 /* Project object */ = {
			isa = PBXProject;
			attributes = {
				BuildIndependentTargetsInParallel = 1;
				LastSwiftUpdateCheck = 1500;
				LastUpgradeCheck = 1500;
				TargetAttributes = {
					7F55422B2BFD4A5E00FEA7B4 = {
						CreatedOnToolsVersion = 15.0.1;
					};
					7F55423B2BFD4A6000FEA7B4 = {
						CreatedOnToolsVersion = 15.0.1;
						TestTargetID = 7F55422B2BFD4A5E00FEA7B4;
					};
					7F5542452BFD4A6000FEA7B4 = {
						CreatedOnToolsVersion = 15.0.1;
						TestTargetID = 7F55422B2BFD4A5E00FEA7B4;
					};
				};
			};
			buildConfigurationList = 7F5542272BFD4A5E00FEA7B4 /* Build configuration list for PBXProject "Timer" */;
			compatibilityVersion = "Xcode 14.0";
			developmentRegion = en;
			hasScannedForEncodings = 0;
			knownRegions = (
				en,
				Base,
			);
			mainGroup = 7F5542232BFD4A5E00FEA7B4;
			productRefGroup = 7F55422D2BFD4A5E00FEA7B4 /* Products */;
			projectDirPath = "";
			projectRoot = "";
			targets = (
				7F55422B2BFD4A5E00FEA7B4 /* Timer */,
				7F55423B2BFD4A6000FEA7B4 /* TimerTests */,
				7F5542452BFD4A6000FEA7B4 /* TimerUITests */,
			);
		};
/* End PBXProject section */

/* Begin PBXResourcesBuildPhase section */
		7F55422A2BFD4A5E00FEA7B4 /* Resources */ = {
			isa = PBXResourcesBuildPhase;
			buildActionMask = 2147483647;
			files = (
				7F5542372BFD4A6000FEA7B4 /* Preview Assets.xcassets in Resources */,
				7F5542342BFD4A6000FEA7B4 /* Assets.xcassets in Resources */,
			);
			runOnlyForDeploymentPostprocessing = 0;
		};
		7F55423A2BFD4A6000FEA7B4 /* Resources */ = {
			isa = PBXResourcesBuildPhase;
			buildActionMask = 2147483647;
			files = (
			);
			runOnlyForDeploymentPostprocessing = 0;
		};
		7F5542442BFD4A6000FEA7B4 /* Resources */ = {
			isa = PBXResourcesBuildPhase;
			buildActionMask = 2147483647;
			files = (
			);
			runOnlyForDeploymentPostprocessing = 0;
		};
/* End PBXResourcesBuildPhase section */

/* Begin PBXSourcesBuildPhase section */
		7F5542282BFD4A5E00FEA7B4 /* Sources */ = {
			isa = PBXSourcesBuildPhase;
			buildActionMask = 2147483647;
			files = (
				7F5542322BFD4A5E00FEA7B4 /* ContentView.swift in Sources */,
				7F55425C2BFD502700FEA7B4 /* TimerManager.swift in Sources */,
				7F5542302BFD4A5E00FEA7B4 /* TimerApp.swift in Sources */,
				7F55425A2BFD4AB400FEA7B4 /* Helper.swift in Sources */,
			);
			runOnlyForDeploymentPostprocessing = 0;
		};
		7F5542382BFD4A6000FEA7B4 /* Sources */ = {
			isa = PBXSourcesBuildPhase;
			buildActionMask = 2147483647;
			files = (
				7F5542412BFD4A6000FEA7B4 /* TimerTests.swift in Sources */,
			);
			runOnlyForDeploymentPostprocessing = 0;
		};
		7F5542422BFD4A6000FEA7B4 /* Sources */ = {
			isa = PBXSourcesBuildPhase;
			buildActionMask = 2147483647;
			files = (
				7F55424D2BFD4A6000FEA7B4 /* TimerUITestsLaunchTests.swift in Sources */,
				7F55424B2BFD4A6000FEA7B4 /* TimerUITests.swift in Sources */,
			);
			runOnlyForDeploymentPostprocessing = 0;
		};
/* End PBXSourcesBuildPhase section */

/* Begin PBXTargetDependency section */
		7F55423E2BFD4A6000FEA7B4 /* PBXTargetDependency */ = {
			isa = PBXTargetDependency;
			target = 7F55422B2BFD4A5E00FEA7B4 /* Timer */;
			targetProxy = 7F55423D2BFD4A6000FEA7B4 /* PBXContainerItemProxy */;
		};
		7F5542482BFD4A6000FEA7B4 /* PBXTargetDependency */ = {
			isa = PBXTargetDependency;
			target = 7F55422B2BFD4A5E00FEA7B4 /* Timer */;
			targetProxy = 7F5542472BFD4A6000FEA7B4 /* PBXContainerItemProxy */;
		};
/* End PBXTargetDependency section */

/* Begin XCBuildConfiguration section */
		7F55424E2BFD4A6000FEA7B4 /* Debug */ = {
			isa = XCBuildConfiguration;
			buildSettings = {
				ALWAYS_SEARCH_USER_PATHS = NO;
				ASSETCATALOG_COMPILER_GENERATE_SWIFT_ASSET_SYMBOL_EXTENSIONS = YES;
				CLANG_ANALYZER_NONNULL = YES;
				CLANG_ANALYZER_NUMBER_OBJECT_CONVERSION = YES_AGGRESSIVE;
				CLANG_CXX_LANGUAGE_STANDARD = "gnu++20";
				CLANG_ENABLE_MODULES = YES;
				CLANG_ENABLE_OBJC_ARC = YES;
				CLANG_ENABLE_OBJC_WEAK = YES;
				CLANG_WARN_BLOCK_CAPTURE_AUTORELEASING = YES;
				CLANG_WARN_BOOL_CONVERSION = YES;
				CLANG_WARN_COMMA = YES;
				CLANG_WARN_CONSTANT_CONVERSION = YES;
				CLANG_WARN_DEPRECATED_OBJC_IMPLEMENTATIONS = YES;
				CLANG_WARN_DIRECT_OBJC_ISA_USAGE = YES_ERROR;
				CLANG_WARN_DOCUMENTATION_COMMENTS = YES;
				CLANG_WARN_EMPTY_BODY = YES;
				CLANG_WARN_ENUM_CONVERSION = YES;
				CLANG_WARN_INFINITE_RECURSION = YES;
				CLANG_WARN_INT_CONVERSION = YES;
				CLANG_WARN_NON_LITERAL_NULL_CONVERSION = YES;
				CLANG_WARN_OBJC_IMPLICIT_RETAIN_SELF = YES;
				CLANG_WARN_OBJC_LITERAL_CONVERSION = YES;
				CLANG_WARN_OBJC_ROOT_CLASS = YES_ERROR;
				CLANG_WARN_QUOTED_INCLUDE_IN_FRAMEWORK_HEADER = YES;
				CLANG_WARN_RANGE_LOOP_ANALYSIS = YES;
				CLANG_WARN_STRICT_PROTOTYPES = YES;
				CLANG_WARN_SUSPICIOUS_MOVE = YES;
				CLANG_WARN_UNGUARDED_AVAILABILITY = YES_AGGRESSIVE;
				CLANG_WARN_UNREACHABLE_CODE = YES;
				CLANG_WARN__DUPLICATE_METHOD_MATCH = YES;
				COPY_PHASE_STRIP = NO;
				DEBUG_INFORMATION_FORMAT = dwarf;
				ENABLE_STRICT_OBJC_MSGSEND = YES;
				ENABLE_TESTABILITY = YES;
				ENABLE_USER_SCRIPT_SANDBOXING = YES;
				GCC_C_LANGUAGE_STANDARD = gnu17;
				GCC_DYNAMIC_NO_PIC = NO;
				GCC_NO_COMMON_BLOCKS = YES;
				GCC_OPTIMIZATION_LEVEL = 0;
				GCC_PREPROCESSOR_DEFINITIONS = (
					"DEBUG=1",
					"$(inherited)",
				);
				GCC_WARN_64_TO_32_BIT_CONVERSION = YES;
				GCC_WARN_ABOUT_RETURN_TYPE = YES_ERROR;
				GCC_WARN_UNDECLARED_SELECTOR = YES;
				GCC_WARN_UNINITIALIZED_AUTOS = YES_AGGRESSIVE;
				GCC_WARN_UNUSED_FUNCTION = YES;
				GCC_WARN_UNUSED_VARIABLE = YES;
				IPHONEOS_DEPLOYMENT_TARGET = 17.0;
				LOCALIZATION_PREFERS_STRING_CATALOGS = YES;
				MTL_ENABLE_DEBUG_INFO = INCLUDE_SOURCE;
				MTL_FAST_MATH = YES;
				ONLY_ACTIVE_ARCH = YES;
				SDKROOT = iphoneos;
				SWIFT_ACTIVE_COMPILATION_CONDITIONS = "DEBUG $(inherited)";
				SWIFT_OPTIMIZATION_LEVEL = "-Onone";
			};
			name = Debug;
		};
		7F55424F2BFD4A6000FEA7B4 /* Release */ = {
			isa = XCBuildConfiguration;
			buildSettings = {
				ALWAYS_SEARCH_USER_PATHS = NO;
				ASSETCATALOG_COMPILER_GENERATE_SWIFT_ASSET_SYMBOL_EXTENSIONS = YES;
				CLANG_ANALYZER_NONNULL = YES;
				CLANG_ANALYZER_NUMBER_OBJECT_CONVERSION = YES_AGGRESSIVE;
				CLANG_CXX_LANGUAGE_STANDARD = "gnu++20";
				CLANG_ENABLE_MODULES = YES;
				CLANG_ENABLE_OBJC_ARC = YES;
				CLANG_ENABLE_OBJC_WEAK = YES;
				CLANG_WARN_BLOCK_CAPTURE_AUTORELEASING = YES;
				CLANG_WARN_BOOL_CONVERSION = YES;
				CLANG_WARN_COMMA = YES;
				CLANG_WARN_CONSTANT_CONVERSION = YES;
				CLANG_WARN_DEPRECATED_OBJC_IMPLEMENTATIONS = YES;
				CLANG_WARN_DIRECT_OBJC_ISA_USAGE = YES_ERROR;
				CLANG_WARN_DOCUMENTATION_COMMENTS = YES;
				CLANG_WARN_EMPTY_BODY = YES;
				CLANG_WARN_ENUM_CONVERSION = YES;
				CLANG_WARN_INFINITE_RECURSION = YES;
				CLANG_WARN_INT_CONVERSION = YES;
				CLANG_WARN_NON_LITERAL_NULL_CONVERSION = YES;
				CLANG_WARN_OBJC_IMPLICIT_RETAIN_SELF = YES;
				CLANG_WARN_OBJC_LITERAL_CONVERSION = YES;
				CLANG_WARN_OBJC_ROOT_CLASS = YES_ERROR;
				CLANG_WARN_QUOTED_INCLUDE_IN_FRAMEWORK_HEADER = YES;
				CLANG_WARN_RANGE_LOOP_ANALYSIS = YES;
				CLANG_WARN_STRICT_PROTOTYPES = YES;
				CLANG_WARN_SUSPICIOUS_MOVE = YES;
				CLANG_WARN_UNGUARDED_AVAILABILITY = YES_AGGRESSIVE;
				CLANG_WARN_UNREACHABLE_CODE = YES;
				CLANG_WARN__DUPLICATE_METHOD_MATCH = YES;
				COPY_PHASE_STRIP = NO;
				DEBUG_INFORMATION_FORMAT = "dwarf-with-dsym";
				ENABLE_NS_ASSERTIONS = NO;
				ENABLE_STRICT_OBJC_MSGSEND = YES;
				ENABLE_USER_SCRIPT_SANDBOXING = YES;
				GCC_C_LANGUAGE_STANDARD = gnu17;
				GCC_NO_COMMON_BLOCKS = YES;
				GCC_WARN_64_TO_32_BIT_CONVERSION = YES;
				GCC_WARN_ABOUT_RETURN_TYPE = YES_ERROR;
				GCC_WARN_UNDECLARED_SELECTOR = YES;
				GCC_WARN_UNINITIALIZED_AUTOS = YES_AGGRESSIVE;
				GCC_WARN_UNUSED_FUNCTION = YES;
				GCC_WARN_UNUSED_VARIABLE = YES;
				IPHONEOS_DEPLOYMENT_TARGET = 17.0;
				LOCALIZATION_PREFERS_STRING_CATALOGS = YES;
				MTL_ENABLE_DEBUG_INFO = NO;
				MTL_FAST_MATH = YES;
				SDKROOT = iphoneos;
				SWIFT_COMPILATION_MODE = wholemodule;
				VALIDATE_PRODUCT = YES;
			};
			name = Release;
		};
		7F5542512BFD4A6000FEA7B4 /* Debug */ = {
			isa = XCBuildConfiguration;
			buildSettings = {
				ASSETCATALOG_COMPILER_APPICON_NAME = AppIcon;
				ASSETCATALOG_COMPILER_GLOBAL_ACCENT_COLOR_NAME = AccentColor;
				CODE_SIGN_STYLE = Automatic;
				CURRENT_PROJECT_VERSION = 1;
				DEVELOPMENT_ASSET_PATHS = "\"Timer/Preview Content\"";
				ENABLE_PREVIEWS = YES;
				GENERATE_INFOPLIST_FILE = YES;
				INFOPLIST_KEY_UIApplicationSceneManifest_Generation = YES;
				INFOPLIST_KEY_UIApplicationSupportsIndirectInputEvents = YES;
				INFOPLIST_KEY_UILaunchScreen_Generation = YES;
				INFOPLIST_KEY_UISupportedInterfaceOrientations_iPad = "UIInterfaceOrientationPortrait UIInterfaceOrientationPortraitUpsideDown UIInterfaceOrientationLandscapeLeft UIInterfaceOrientationLandscapeRight";
				INFOPLIST_KEY_UISupportedInterfaceOrientations_iPhone = "UIInterfaceOrientationPortrait UIInterfaceOrientationLandscapeLeft UIInterfaceOrientationLandscapeRight";
				LD_RUNPATH_SEARCH_PATHS = (
					"$(inherited)",
					"@executable_path/Frameworks",
				);
				MARKETING_VERSION = 1.0;
				PRODUCT_BUNDLE_IDENTIFIER = Mounir.Timer;
				PRODUCT_NAME = "$(TARGET_NAME)";
				SWIFT_EMIT_LOC_STRINGS = YES;
				SWIFT_VERSION = 5.0;
				TARGETED_DEVICE_FAMILY = "1,2";
			};
			name = Debug;
		};
		7F5542522BFD4A6000FEA7B4 /* Release */ = {
			isa = XCBuildConfiguration;
			buildSettings = {
				ASSETCATALOG_COMPILER_APPICON_NAME = AppIcon;
				ASSETCATALOG_COMPILER_GLOBAL_ACCENT_COLOR_NAME = AccentColor;
				CODE_SIGN_STYLE = Automatic;
				CURRENT_PROJECT_VERSION = 1;
				DEVELOPMENT_ASSET_PATHS = "\"Timer/Preview Content\"";
				ENABLE_PREVIEWS = YES;
				GENERATE_INFOPLIST_FILE = YES;
				INFOPLIST_KEY_UIApplicationSceneManifest_Generation = YES;
				INFOPLIST_KEY_UIApplicationSupportsIndirectInputEvents = YES;
				INFOPLIST_KEY_UILaunchScreen_Generation = YES;
				INFOPLIST_KEY_UISupportedInterfaceOrientations_iPad = "UIInterfaceOrientationPortrait UIInterfaceOrientationPortraitUpsideDown UIInterfaceOrientationLandscapeLeft UIInterfaceOrientationLandscapeRight";
				INFOPLIST_KEY_UISupportedInterfaceOrientations_iPhone = "UIInterfaceOrientationPortrait UIInterfaceOrientationLandscapeLeft UIInterfaceOrientationLandscapeRight";
				LD_RUNPATH_SEARCH_PATHS = (
					"$(inherited)",
					"@executable_path/Frameworks",
				);
				MARKETING_VERSION = 1.0;
				PRODUCT_BUNDLE_IDENTIFIER = Mounir.Timer;
				PRODUCT_NAME = "$(TARGET_NAME)";
				SWIFT_EMIT_LOC_STRINGS = YES;
				SWIFT_VERSION = 5.0;
				TARGETED_DEVICE_FAMILY = "1,2";
			};
			name = Release;
		};
		7F5542542BFD4A6000FEA7B4 /* Debug */ = {
			isa = XCBuildConfiguration;
			buildSettings = {
				ALWAYS_EMBED_SWIFT_STANDARD_LIBRARIES = YES;
				BUNDLE_LOADER = "$(TEST_HOST)";
				CODE_SIGN_STYLE = Automatic;
				CURRENT_PROJECT_VERSION = 1;
				GENERATE_INFOPLIST_FILE = YES;
				IPHONEOS_DEPLOYMENT_TARGET = 17.0;
				MARKETING_VERSION = 1.0;
				PRODUCT_BUNDLE_IDENTIFIER = Mounir.TimerTests;
				PRODUCT_NAME = "$(TARGET_NAME)";
				SWIFT_EMIT_LOC_STRINGS = NO;
				SWIFT_VERSION = 5.0;
				TARGETED_DEVICE_FAMILY = "1,2";
				TEST_HOST = "$(BUILT_PRODUCTS_DIR)/Timer.app/$(BUNDLE_EXECUTABLE_FOLDER_PATH)/Timer";
			};
			name = Debug;
		};
		7F5542552BFD4A6000FEA7B4 /* Release */ = {
			isa = XCBuildConfiguration;
			buildSettings = {
				ALWAYS_EMBED_SWIFT_STANDARD_LIBRARIES = YES;
				BUNDLE_LOADER = "$(TEST_HOST)";
				CODE_SIGN_STYLE = Automatic;
				CURRENT_PROJECT_VERSION = 1;
				GENERATE_INFOPLIST_FILE = YES;
				IPHONEOS_DEPLOYMENT_TARGET = 17.0;
				MARKETING_VERSION = 1.0;
				PRODUCT_BUNDLE_IDENTIFIER = Mounir.TimerTests;
				PRODUCT_NAME = "$(TARGET_NAME)";
				SWIFT_EMIT_LOC_STRINGS = NO;
				SWIFT_VERSION = 5.0;
				TARGETED_DEVICE_FAMILY = "1,2";
				TEST_HOST = "$(BUILT_PRODUCTS_DIR)/Timer.app/$(BUNDLE_EXECUTABLE_FOLDER_PATH)/Timer";
			};
			name = Release;
		};
		7F5542572BFD4A6000FEA7B4 /* Debug */ = {
			isa = XCBuildConfiguration;
			buildSettings = {
				ALWAYS_EMBED_SWIFT_STANDARD_LIBRARIES = YES;
				CODE_SIGN_STYLE = Automatic;
				CURRENT_PROJECT_VERSION = 1;
				GENERATE_INFOPLIST_FILE = YES;
				MARKETING_VERSION = 1.0;
				PRODUCT_BUNDLE_IDENTIFIER = Mounir.TimerUITests;
				PRODUCT_NAME = "$(TARGET_NAME)";
				SWIFT_EMIT_LOC_STRINGS = NO;
				SWIFT_VERSION = 5.0;
				TARGETED_DEVICE_FAMILY = "1,2";
				TEST_TARGET_NAME = Timer;
			};
			name = Debug;
		};
		7F5542582BFD4A6000FEA7B4 /* Release */ = {
			isa = XCBuildConfiguration;
			buildSettings = {
				ALWAYS_EMBED_SWIFT_STANDARD_LIBRARIES = YES;
				CODE_SIGN_STYLE = Automatic;
				CURRENT_PROJECT_VERSION = 1;
				GENERATE_INFOPLIST_FILE = YES;
				MARKETING_VERSION = 1.0;
				PRODUCT_BUNDLE_IDENTIFIER = Mounir.TimerUITests;
				PRODUCT_NAME = "$(TARGET_NAME)";
				SWIFT_EMIT_LOC_STRINGS = NO;
				SWIFT_VERSION = 5.0;
				TARGETED_DEVICE_FAMILY = "1,2";
				TEST_TARGET_NAME = Timer;
			};
			name = Release;
		};
/* End XCBuildConfiguration section */

/* Begin XCConfigurationList section */
		7F5542272BFD4A5E00FEA7B4 /* Build configuration list for PBXProject "Timer" */ = {
			isa = XCConfigurationList;
			buildConfigurations = (
				7F55424E2BFD4A6000FEA7B4 /* Debug */,
				7F55424F2BFD4A6000FEA7B4 /* Release */,
			);
			defaultConfigurationIsVisible = 0;
			defaultConfigurationName = Release;
		};
		7F5542502BFD4A6000FEA7B4 /* Build configuration list for PBXNativeTarget "Timer" */ = {
			isa = XCConfigurationList;
			buildConfigurations = (
				7F5542512BFD4A6000FEA7B4 /* Debug */,
				7F5542522BFD4A6000FEA7B4 /* Release */,
			);
			defaultConfigurationIsVisible = 0;
			defaultConfigurationName = Release;
		};
		7F5542532BFD4A6000FEA7B4 /* Build configuration list for PBXNativeTarget "TimerTests" */ = {
			isa = XCConfigurationList;
			buildConfigurations = (
				7F5542542BFD4A6000FEA7B4 /* Debug */,
				7F5542552BFD4A6000FEA7B4 /* Release */,
			);
			defaultConfigurationIsVisible = 0;
			defaultConfigurationName = Release;
		};
		7F5542562BFD4A6000FEA7B4 /* Build configuration list for PBXNativeTarget "TimerUITests" */ = {
			isa = XCConfigurationList;
			buildConfigurations = (
				7F5542572BFD4A6000FEA7B4 /* Debug */,
				7F5542582BFD4A6000FEA7B4 /* Release */,
			);
			defaultConfigurationIsVisible = 0;
			defaultConfigurationName = Release;
		};
/* End XCConfigurationList section */
	};
	rootObject = 7F5542242BFD4A5E00FEA7B4 /* Project object */;
}
